
Microsoft Visual Studio Solution File, Format Version 12.00
# Visual Studio Version 17
VisualStudioVersion = 17.1.32319.34
MinimumVisualStudioVersion = 10.0.40219.1
Project("{9A19103F-16F7-4668-BE54-9A1E7A4F7556}") = "Villeon", "Villeon\Villeon.csproj", "{330EC6C6-4843-4788-926A-7BF796A6177B}"
EndProject
Project("{9A19103F-16F7-4668-BE54-9A1E7A4F7556}") = "VilleonTests", "VilleonTests\VilleonTests.csproj", "{5C72E2FE-E3D2-40D3-8EC7-2C233F2891E7}"
EndProject
Project("{2150E333-8FDC-42A3-9474-1A3956D46DE8}") = "Solution Items", "Solution Items", "{E2A440C1-AE05-4046-BDF8-5F0BB830D710}"
	ProjectSection(SolutionItems) = preProject
		.editorconfig = .editorconfig
	EndProjectSection
EndProject
Global
	GlobalSection(SolutionConfigurationPlatforms) = preSolution
		All|Any CPU = All|Any CPU
		Debug|Any CPU = Debug|Any CPU
		Release|Any CPU = Release|Any CPU
	EndGlobalSection
	GlobalSection(ProjectConfigurationPlatforms) = postSolution
		{330EC6C6-4843-4788-926A-7BF796A6177B}.All|Any CPU.ActiveCfg = Release|Any CPU
		{330EC6C6-4843-4788-926A-7BF796A6177B}.All|Any CPU.Build.0 = Release|Any CPU
		{330EC6C6-4843-4788-926A-7BF796A6177B}.Debug|Any CPU.ActiveCfg = Debug|Any CPU
		{330EC6C6-4843-4788-926A-7BF796A6177B}.Debug|Any CPU.Build.0 = Debug|Any CPU
		{330EC6C6-4843-4788-926A-7BF796A6177B}.Release|Any CPU.ActiveCfg = Release|Any CPU
		{330EC6C6-4843-4788-926A-7BF796A6177B}.Release|Any CPU.Build.0 = Release|Any CPU
		{5C72E2FE-E3D2-40D3-8EC7-2C233F2891E7}.All|Any CPU.ActiveCfg = Release|Any CPU
		{5C72E2FE-E3D2-40D3-8EC7-2C233F2891E7}.All|Any CPU.Build.0 = Release|Any CPU
		{5C72E2FE-E3D2-40D3-8EC7-2C233F2891E7}.Debug|Any CPU.ActiveCfg = Debug|Any CPU
		{5C72E2FE-E3D2-40D3-8EC7-2C233F2891E7}.Debug|Any CPU.Build.0 = Debug|Any CPU
		{5C72E2FE-E3D2-40D3-8EC7-2C233F2891E7}.Release|Any CPU.ActiveCfg = Release|Any CPU
		{5C72E2FE-E3D2-40D3-8EC7-2C233F2891E7}.Release|Any CPU.Build.0 = Release|Any CPU
	EndGlobalSection
	GlobalSection(SolutionProperties) = preSolution
		HideSolutionNode = FALSE
	EndGlobalSection
	GlobalSection(ExtensibilityGlobals) = postSolution
		SolutionGuid = {B8502794-5CBF-47F6-A4CD-E5EB4E3309F1}
	EndGlobalSection
EndGlobal
